
Microsoft Visual Studio Solution File, Format Version 12.00
# Visual Studio Version 16
VisualStudioVersion = 16.0.30907.101
MinimumVisualStudioVersion = 10.0.40219.1
Project("{FAE04EC0-301F-11D3-BF4B-00C04F79EFBC}") = "SoftPlan.Api", "SoftPlan.Api\SoftPlan.Api.csproj", "{5D7542E8-8118-474B-99C8-4D8A90E5E030}"
EndProject
Project("{FAE04EC0-301F-11D3-BF4B-00C04F79EFBC}") = "SoftPlan.Application", "SoftPlan.Application\SoftPlan.Application.csproj", "{FA40BCD0-50E3-4936-B3B4-A0EEC9DAD86E}"
EndProject
Global
	GlobalSection(SolutionConfigurationPlatforms) = preSolution
		Debug|Any CPU = Debug|Any CPU
		Release|Any CPU = Release|Any CPU
	EndGlobalSection
	GlobalSection(ProjectConfigurationPlatforms) = postSolution
		{5D7542E8-8118-474B-99C8-4D8A90E5E030}.Debug|Any CPU.ActiveCfg = Debug|Any CPU
		{5D7542E8-8118-474B-99C8-4D8A90E5E030}.Debug|Any CPU.Build.0 = Debug|Any CPU
		{5D7542E8-8118-474B-99C8-4D8A90E5E030}.Release|Any CPU.ActiveCfg = Release|Any CPU
		{5D7542E8-8118-474B-99C8-4D8A90E5E030}.Release|Any CPU.Build.0 = Release|Any CPU
		{FA40BCD0-50E3-4936-B3B4-A0EEC9DAD86E}.Debug|Any CPU.ActiveCfg = Debug|Any CPU
		{FA40BCD0-50E3-4936-B3B4-A0EEC9DAD86E}.Debug|Any CPU.Build.0 = Debug|Any CPU
		{FA40BCD0-50E3-4936-B3B4-A0EEC9DAD86E}.Release|Any CPU.ActiveCfg = Release|Any CPU
		{FA40BCD0-50E3-4936-B3B4-A0EEC9DAD86E}.Release|Any CPU.Build.0 = Release|Any CPU
	EndGlobalSection
	GlobalSection(SolutionProperties) = preSolution
		HideSolutionNode = FALSE
	EndGlobalSection
	GlobalSection(ExtensibilityGlobals) = postSolution
		SolutionGuid = {8CBEC56E-0AAC-4B98-837A-A412791CA6A7}
	EndGlobalSection
EndGlobal
